// !$*UTF8*$!
{
	archiveVersion = 1;
	classes = {
	};
	objectVersion = 56;
	objects = {

/* Begin PBXBuildFile section */
		0E4E0B54FB10628A47841647 /* Pods_MoyaProtobufIntegration.framework in Frameworks */ = {isa = PBXBuildFile; fileRef = C55EF961D83F0C6C5500A2D9 /* Pods_MoyaProtobufIntegration.framework */; };
		9B37B7252ADE4C4100AF4BE2 /* MoyaProtobufIntegrationApp.swift in Sources */ = {isa = PBXBuildFile; fileRef = 9B37B7242ADE4C4100AF4BE2 /* MoyaProtobufIntegrationApp.swift */; };
		9B37B7272ADE4C4100AF4BE2 /* ContentView.swift in Sources */ = {isa = PBXBuildFile; fileRef = 9B37B7262ADE4C4100AF4BE2 /* ContentView.swift */; };
		9B37B7292ADE4C4300AF4BE2 /* Assets.xcassets in Resources */ = {isa = PBXBuildFile; fileRef = 9B37B7282ADE4C4300AF4BE2 /* Assets.xcassets */; };
		9B37B72C2ADE4C4300AF4BE2 /* Preview Assets.xcassets in Resources */ = {isa = PBXBuildFile; fileRef = 9B37B72B2ADE4C4300AF4BE2 /* Preview Assets.xcassets */; };
		9B37B7362ADE4DF200AF4BE2 /* AppURL.swift in Sources */ = {isa = PBXBuildFile; fileRef = 9B37B7352ADE4DF200AF4BE2 /* AppURL.swift */; };
		9B37B7382ADE6A4B00AF4BE2 /* BannerAPI.swift in Sources */ = {isa = PBXBuildFile; fileRef = 9B37B7372ADE6A4B00AF4BE2 /* BannerAPI.swift */; };
		9B37B73B2ADE710500AF4BE2 /* StringConstants.swift in Sources */ = {isa = PBXBuildFile; fileRef = 9B37B73A2ADE710500AF4BE2 /* StringConstants.swift */; };
		9B37B73E2ADE73EF00AF4BE2 /* APIServiceType.swift in Sources */ = {isa = PBXBuildFile; fileRef = 9B37B73D2ADE73EF00AF4BE2 /* APIServiceType.swift */; };
		9B37B7412ADE787200AF4BE2 /* banner.pb.swift in Sources */ = {isa = PBXBuildFile; fileRef = 9B37B7402ADE787200AF4BE2 /* banner.pb.swift */; };
		9B37B7452ADE80B200AF4BE2 /* NetworkManager.swift in Sources */ = {isa = PBXBuildFile; fileRef = 9B37B7442ADE80B200AF4BE2 /* NetworkManager.swift */; };
		9B37B7482ADE83E800AF4BE2 /* BannerView.swift in Sources */ = {isa = PBXBuildFile; fileRef = 9B37B7472ADE83E800AF4BE2 /* BannerView.swift */; };
		9B37B74A2ADE83F400AF4BE2 /* BannerViewModel.swift in Sources */ = {isa = PBXBuildFile; fileRef = 9B37B7492ADE83F400AF4BE2 /* BannerViewModel.swift */; };
		9B37B74E2ADE8D1100AF4BE2 /* ImageLoadingView.swift in Sources */ = {isa = PBXBuildFile; fileRef = 9B37B74D2ADE8D1100AF4BE2 /* ImageLoadingView.swift */; };
		9B37B7502ADE8D2900AF4BE2 /* ImageLoader.swift in Sources */ = {isa = PBXBuildFile; fileRef = 9B37B74F2ADE8D2900AF4BE2 /* ImageLoader.swift */; };
		9B37B7522ADEA76300AF4BE2 /* common.pb.swift in Sources */ = {isa = PBXBuildFile; fileRef = 9B37B7512ADEA76300AF4BE2 /* common.pb.swift */; };
		9B37B7542ADEAA7A00AF4BE2 /* NetworkErrorHelper.swift in Sources */ = {isa = PBXBuildFile; fileRef = 9B37B7532ADEAA7A00AF4BE2 /* NetworkErrorHelper.swift */; };
/* End PBXBuildFile section */

/* Begin PBXFileReference section */
		9B37B7212ADE4C4100AF4BE2 /* MoyaProtobufIntegration.app */ = {isa = PBXFileReference; explicitFileType = wrapper.application; includeInIndex = 0; path = MoyaProtobufIntegration.app; sourceTree = BUILT_PRODUCTS_DIR; };
		9B37B7242ADE4C4100AF4BE2 /* MoyaProtobufIntegrationApp.swift */ = {isa = PBXFileReference; lastKnownFileType = sourcecode.swift; path = MoyaProtobufIntegrationApp.swift; sourceTree = "<group>"; };
		9B37B7262ADE4C4100AF4BE2 /* ContentView.swift */ = {isa = PBXFileReference; lastKnownFileType = sourcecode.swift; path = ContentView.swift; sourceTree = "<group>"; };
		9B37B7282ADE4C4300AF4BE2 /* Assets.xcassets */ = {isa = PBXFileReference; lastKnownFileType = folder.assetcatalog; path = Assets.xcassets; sourceTree = "<group>"; };
		9B37B72B2ADE4C4300AF4BE2 /* Preview Assets.xcassets */ = {isa = PBXFileReference; lastKnownFileType = folder.assetcatalog; path = "Preview Assets.xcassets"; sourceTree = "<group>"; };
		9B37B7352ADE4DF200AF4BE2 /* AppURL.swift */ = {isa = PBXFileReference; lastKnownFileType = sourcecode.swift; path = AppURL.swift; sourceTree = "<group>"; };
		9B37B7372ADE6A4B00AF4BE2 /* BannerAPI.swift */ = {isa = PBXFileReference; lastKnownFileType = sourcecode.swift; path = BannerAPI.swift; sourceTree = "<group>"; };
		9B37B73A2ADE710500AF4BE2 /* StringConstants.swift */ = {isa = PBXFileReference; lastKnownFileType = sourcecode.swift; path = StringConstants.swift; sourceTree = "<group>"; };
		9B37B73D2ADE73EF00AF4BE2 /* APIServiceType.swift */ = {isa = PBXFileReference; lastKnownFileType = sourcecode.swift; path = APIServiceType.swift; sourceTree = "<group>"; };
		9B37B7402ADE787200AF4BE2 /* banner.pb.swift */ = {isa = PBXFileReference; fileEncoding = 4; lastKnownFileType = sourcecode.swift; name = banner.pb.swift; path = MoyaProtobufIntegration/Networking/ProtoModels/banner.pb.swift; sourceTree = SOURCE_ROOT; };
		9B37B7442ADE80B200AF4BE2 /* NetworkManager.swift */ = {isa = PBXFileReference; lastKnownFileType = sourcecode.swift; path = NetworkManager.swift; sourceTree = "<group>"; };
		9B37B7472ADE83E800AF4BE2 /* BannerView.swift */ = {isa = PBXFileReference; lastKnownFileType = sourcecode.swift; path = BannerView.swift; sourceTree = "<group>"; };
		9B37B7492ADE83F400AF4BE2 /* BannerViewModel.swift */ = {isa = PBXFileReference; lastKnownFileType = sourcecode.swift; path = BannerViewModel.swift; sourceTree = "<group>"; };
		9B37B74D2ADE8D1100AF4BE2 /* ImageLoadingView.swift */ = {isa = PBXFileReference; fileEncoding = 4; lastKnownFileType = sourcecode.swift; path = ImageLoadingView.swift; sourceTree = "<group>"; };
		9B37B74F2ADE8D2900AF4BE2 /* ImageLoader.swift */ = {isa = PBXFileReference; fileEncoding = 4; lastKnownFileType = sourcecode.swift; path = ImageLoader.swift; sourceTree = "<group>"; };
		9B37B7512ADEA76300AF4BE2 /* common.pb.swift */ = {isa = PBXFileReference; fileEncoding = 4; lastKnownFileType = sourcecode.swift; path = common.pb.swift; sourceTree = "<group>"; };
		9B37B7532ADEAA7A00AF4BE2 /* NetworkErrorHelper.swift */ = {isa = PBXFileReference; lastKnownFileType = sourcecode.swift; path = NetworkErrorHelper.swift; sourceTree = "<group>"; };
		A7E5F2783CE68012D47792DF /* Pods-MoyaProtobufIntegration.release.xcconfig */ = {isa = PBXFileReference; includeInIndex = 1; lastKnownFileType = text.xcconfig; name = "Pods-MoyaProtobufIntegration.release.xcconfig"; path = "Target Support Files/Pods-MoyaProtobufIntegration/Pods-MoyaProtobufIntegration.release.xcconfig"; sourceTree = "<group>"; };
		BDBB0632866F538743906AED /* Pods-MoyaProtobufIntegration.debug.xcconfig */ = {isa = PBXFileReference; includeInIndex = 1; lastKnownFileType = text.xcconfig; name = "Pods-MoyaProtobufIntegration.debug.xcconfig"; path = "Target Support Files/Pods-MoyaProtobufIntegration/Pods-MoyaProtobufIntegration.debug.xcconfig"; sourceTree = "<group>"; };
		C55EF961D83F0C6C5500A2D9 /* Pods_MoyaProtobufIntegration.framework */ = {isa = PBXFileReference; explicitFileType = wrapper.framework; includeInIndex = 0; path = Pods_MoyaProtobufIntegration.framework; sourceTree = BUILT_PRODUCTS_DIR; };
/* End PBXFileReference section */

/* Begin PBXFrameworksBuildPhase section */
		9B37B71E2ADE4C4100AF4BE2 /* Frameworks */ = {
			isa = PBXFrameworksBuildPhase;
			buildActionMask = 2147483647;
			files = (
				0E4E0B54FB10628A47841647 /* Pods_MoyaProtobufIntegration.framework in Frameworks */,
			);
			runOnlyForDeploymentPostprocessing = 0;
		};
/* End PBXFrameworksBuildPhase section */

/* Begin PBXGroup section */
		265975B94B463BCE150DA5B9 /* Frameworks */ = {
			isa = PBXGroup;
			children = (
				C55EF961D83F0C6C5500A2D9 /* Pods_MoyaProtobufIntegration.framework */,
			);
			name = Frameworks;
			sourceTree = "<group>";
		};
		427EC9EE5BBCD0286619DB35 /* Pods */ = {
			isa = PBXGroup;
			children = (
				BDBB0632866F538743906AED /* Pods-MoyaProtobufIntegration.debug.xcconfig */,
				A7E5F2783CE68012D47792DF /* Pods-MoyaProtobufIntegration.release.xcconfig */,
			);
			path = Pods;
			sourceTree = "<group>";
		};
		9B37B7182ADE4C4100AF4BE2 = {
			isa = PBXGroup;
			children = (
				9B37B7232ADE4C4100AF4BE2 /* MoyaProtobufIntegration */,
				9B37B7222ADE4C4100AF4BE2 /* Products */,
				427EC9EE5BBCD0286619DB35 /* Pods */,
				265975B94B463BCE150DA5B9 /* Frameworks */,
			);
			sourceTree = "<group>";
		};
		9B37B7222ADE4C4100AF4BE2 /* Products */ = {
			isa = PBXGroup;
			children = (
				9B37B7212ADE4C4100AF4BE2 /* MoyaProtobufIntegration.app */,
			);
			name = Products;
			sourceTree = "<group>";
		};
		9B37B7232ADE4C4100AF4BE2 /* MoyaProtobufIntegration */ = {
			isa = PBXGroup;
			children = (
				9B37B74B2ADE8CE000AF4BE2 /* Helpers */,
				9B37B7422ADE7A2700AF4BE2 /* Modules */,
				9B37B7342ADE4DC300AF4BE2 /* Networking */,
				9B37B7392ADE70EA00AF4BE2 /* Util */,
				9B37B7242ADE4C4100AF4BE2 /* MoyaProtobufIntegrationApp.swift */,
				9B37B7262ADE4C4100AF4BE2 /* ContentView.swift */,
				9B37B7282ADE4C4300AF4BE2 /* Assets.xcassets */,
				9B37B72A2ADE4C4300AF4BE2 /* Preview Content */,
			);
			path = MoyaProtobufIntegration;
			sourceTree = "<group>";
		};
		9B37B72A2ADE4C4300AF4BE2 /* Preview Content */ = {
			isa = PBXGroup;
			children = (
				9B37B72B2ADE4C4300AF4BE2 /* Preview Assets.xcassets */,
			);
			path = "Preview Content";
			sourceTree = "<group>";
		};
		9B37B7322ADE4D8600AF4BE2 /* View */ = {
			isa = PBXGroup;
			children = (
				9B37B7472ADE83E800AF4BE2 /* BannerView.swift */,
			);
			path = View;
			sourceTree = "<group>";
		};
		9B37B7332ADE4DB700AF4BE2 /* Model */ = {
			isa = PBXGroup;
			children = (
			);
			path = Model;
			sourceTree = "<group>";
		};
		9B37B7342ADE4DC300AF4BE2 /* Networking */ = {
			isa = PBXGroup;
			children = (
				9B37B73C2ADE73CA00AF4BE2 /* APIModules */,
				9B37B73F2ADE765E00AF4BE2 /* ProtoModels */,
				9B37B7352ADE4DF200AF4BE2 /* AppURL.swift */,
				9B37B73D2ADE73EF00AF4BE2 /* APIServiceType.swift */,
				9B37B7442ADE80B200AF4BE2 /* NetworkManager.swift */,
				9B37B7532ADEAA7A00AF4BE2 /* NetworkErrorHelper.swift */,
			);
			path = Networking;
			sourceTree = "<group>";
		};
		9B37B7392ADE70EA00AF4BE2 /* Util */ = {
			isa = PBXGroup;
			children = (
				9B37B73A2ADE710500AF4BE2 /* StringConstants.swift */,
			);
			path = Util;
			sourceTree = "<group>";
		};
		9B37B73C2ADE73CA00AF4BE2 /* APIModules */ = {
			isa = PBXGroup;
			children = (
				9B37B7372ADE6A4B00AF4BE2 /* BannerAPI.swift */,
			);
			path = APIModules;
			sourceTree = "<group>";
		};
		9B37B73F2ADE765E00AF4BE2 /* ProtoModels */ = {
			isa = PBXGroup;
			children = (
				9B37B7512ADEA76300AF4BE2 /* common.pb.swift */,
				9B37B7402ADE787200AF4BE2 /* banner.pb.swift */,
			);
			path = ProtoModels;
			sourceTree = "<group>";
		};
		9B37B7422ADE7A2700AF4BE2 /* Modules */ = {
			isa = PBXGroup;
			children = (
				9B37B7432ADE7A4300AF4BE2 /* BannerView */,
			);
			path = Modules;
			sourceTree = "<group>";
		};
		9B37B7432ADE7A4300AF4BE2 /* BannerView */ = {
			isa = PBXGroup;
			children = (
				9B37B7462ADE83D600AF4BE2 /* ViewModel */,
				9B37B7332ADE4DB700AF4BE2 /* Model */,
				9B37B7322ADE4D8600AF4BE2 /* View */,
			);
			path = BannerView;
			sourceTree = "<group>";
		};
		9B37B7462ADE83D600AF4BE2 /* ViewModel */ = {
			isa = PBXGroup;
			children = (
				9B37B7492ADE83F400AF4BE2 /* BannerViewModel.swift */,
			);
			path = ViewModel;
			sourceTree = "<group>";
		};
		9B37B74B2ADE8CE000AF4BE2 /* Helpers */ = {
			isa = PBXGroup;
			children = (
				9B37B74C2ADE8CF100AF4BE2 /* ImageLoader */,
			);
			path = Helpers;
			sourceTree = "<group>";
		};
		9B37B74C2ADE8CF100AF4BE2 /* ImageLoader */ = {
			isa = PBXGroup;
			children = (
				9B37B74D2ADE8D1100AF4BE2 /* ImageLoadingView.swift */,
				9B37B74F2ADE8D2900AF4BE2 /* ImageLoader.swift */,
			);
			path = ImageLoader;
			sourceTree = "<group>";
		};
/* End PBXGroup section */

/* Begin PBXNativeTarget section */
		9B37B7202ADE4C4100AF4BE2 /* MoyaProtobufIntegration */ = {
			isa = PBXNativeTarget;
			buildConfigurationList = 9B37B72F2ADE4C4300AF4BE2 /* Build configuration list for PBXNativeTarget "MoyaProtobufIntegration" */;
			buildPhases = (
				66D548CE99BBAF96C4C8CA30 /* [CP] Check Pods Manifest.lock */,
				9B37B71D2ADE4C4100AF4BE2 /* Sources */,
				9B37B71E2ADE4C4100AF4BE2 /* Frameworks */,
				9B37B71F2ADE4C4100AF4BE2 /* Resources */,
				B0E1D04E53546DC4E1285FB0 /* [CP] Embed Pods Frameworks */,
			);
			buildRules = (
			);
			dependencies = (
			);
			name = MoyaProtobufIntegration;
			productName = MoyaProtobufIntegration;
			productReference = 9B37B7212ADE4C4100AF4BE2 /* MoyaProtobufIntegration.app */;
			productType = "com.apple.product-type.application";
		};
/* End PBXNativeTarget section */

/* Begin PBXProject section */
		9B37B7192ADE4C4100AF4BE2 /* Project object */ = {
			isa = PBXProject;
			attributes = {
				BuildIndependentTargetsInParallel = 1;
				LastSwiftUpdateCheck = 1420;
				LastUpgradeCheck = 1420;
				TargetAttributes = {
					9B37B7202ADE4C4100AF4BE2 = {
						CreatedOnToolsVersion = 14.2;
					};
				};
			};
			buildConfigurationList = 9B37B71C2ADE4C4100AF4BE2 /* Build configuration list for PBXProject "MoyaProtobufIntegration" */;
			compatibilityVersion = "Xcode 14.0";
			developmentRegion = en;
			hasScannedForEncodings = 0;
			knownRegions = (
				en,
				Base,
			);
			mainGroup = 9B37B7182ADE4C4100AF4BE2;
			productRefGroup = 9B37B7222ADE4C4100AF4BE2 /* Products */;
			projectDirPath = "";
			projectRoot = "";
			targets = (
				9B37B7202ADE4C4100AF4BE2 /* MoyaProtobufIntegration */,
			);
		};
/* End PBXProject section */

/* Begin PBXResourcesBuildPhase section */
		9B37B71F2ADE4C4100AF4BE2 /* Resources */ = {
			isa = PBXResourcesBuildPhase;
			buildActionMask = 2147483647;
			files = (
				9B37B72C2ADE4C4300AF4BE2 /* Preview Assets.xcassets in Resources */,
				9B37B7292ADE4C4300AF4BE2 /* Assets.xcassets in Resources */,
			);
			runOnlyForDeploymentPostprocessing = 0;
		};
/* End PBXResourcesBuildPhase section */

/* Begin PBXShellScriptBuildPhase section */
		66D548CE99BBAF96C4C8CA30 /* [CP] Check Pods Manifest.lock */ = {
			isa = PBXShellScriptBuildPhase;
			buildActionMask = 2147483647;
			files = (
			);
			inputFileListPaths = (
			);
			inputPaths = (
				"${PODS_PODFILE_DIR_PATH}/Podfile.lock",
				"${PODS_ROOT}/Manifest.lock",
			);
			name = "[CP] Check Pods Manifest.lock";
			outputFileListPaths = (
			);
			outputPaths = (
				"$(DERIVED_FILE_DIR)/Pods-MoyaProtobufIntegration-checkManifestLockResult.txt",
			);
			runOnlyForDeploymentPostprocessing = 0;
			shellPath = /bin/sh;
			shellScript = "diff \"${PODS_PODFILE_DIR_PATH}/Podfile.lock\" \"${PODS_ROOT}/Manifest.lock\" > /dev/null\nif [ $? != 0 ] ; then\n    # print error to STDERR\n    echo \"error: The sandbox is not in sync with the Podfile.lock. Run 'pod install' or update your CocoaPods installation.\" >&2\n    exit 1\nfi\n# This output is used by Xcode 'outputs' to avoid re-running this script phase.\necho \"SUCCESS\" > \"${SCRIPT_OUTPUT_FILE_0}\"\n";
			showEnvVarsInLog = 0;
		};
		B0E1D04E53546DC4E1285FB0 /* [CP] Embed Pods Frameworks */ = {
			isa = PBXShellScriptBuildPhase;
			buildActionMask = 2147483647;
			files = (
			);
			inputFileListPaths = (
				"${PODS_ROOT}/Target Support Files/Pods-MoyaProtobufIntegration/Pods-MoyaProtobufIntegration-frameworks-${CONFIGURATION}-input-files.xcfilelist",
			);
			name = "[CP] Embed Pods Frameworks";
			outputFileListPaths = (
				"${PODS_ROOT}/Target Support Files/Pods-MoyaProtobufIntegration/Pods-MoyaProtobufIntegration-frameworks-${CONFIGURATION}-output-files.xcfilelist",
			);
			runOnlyForDeploymentPostprocessing = 0;
			shellPath = /bin/sh;
			shellScript = "\"${PODS_ROOT}/Target Support Files/Pods-MoyaProtobufIntegration/Pods-MoyaProtobufIntegration-frameworks.sh\"\n";
			showEnvVarsInLog = 0;
		};
/* End PBXShellScriptBuildPhase section */

/* Begin PBXSourcesBuildPhase section */
		9B37B71D2ADE4C4100AF4BE2 /* Sources */ = {
			isa = PBXSourcesBuildPhase;
			buildActionMask = 2147483647;
			files = (
				9B37B7272ADE4C4100AF4BE2 /* ContentView.swift in Sources */,
				9B37B7252ADE4C4100AF4BE2 /* MoyaProtobufIntegrationApp.swift in Sources */,
				9B37B7502ADE8D2900AF4BE2 /* ImageLoader.swift in Sources */,
				9B37B74A2ADE83F400AF4BE2 /* BannerViewModel.swift in Sources */,
				9B37B7412ADE787200AF4BE2 /* banner.pb.swift in Sources */,
				9B37B7542ADEAA7A00AF4BE2 /* NetworkErrorHelper.swift in Sources */,
				9B37B7522ADEA76300AF4BE2 /* common.pb.swift in Sources */,
				9B37B73E2ADE73EF00AF4BE2 /* APIServiceType.swift in Sources */,
				9B37B7452ADE80B200AF4BE2 /* NetworkManager.swift in Sources */,
				9B37B74E2ADE8D1100AF4BE2 /* ImageLoadingView.swift in Sources */,
				9B37B7482ADE83E800AF4BE2 /* BannerView.swift in Sources */,
				9B37B7382ADE6A4B00AF4BE2 /* BannerAPI.swift in Sources */,
				9B37B73B2ADE710500AF4BE2 /* StringConstants.swift in Sources */,
				9B37B7362ADE4DF200AF4BE2 /* AppURL.swift in Sources */,
			);
			runOnlyForDeploymentPostprocessing = 0;
		};
/* End PBXSourcesBuildPhase section */

/* Begin XCBuildConfiguration section */
		9B37B72D2ADE4C4300AF4BE2 /* Debug */ = {
			isa = XCBuildConfiguration;
			buildSettings = {
				ALWAYS_SEARCH_USER_PATHS = NO;
				CLANG_ANALYZER_NONNULL = YES;
				CLANG_ANALYZER_NUMBER_OBJECT_CONVERSION = YES_AGGRESSIVE;
				CLANG_CXX_LANGUAGE_STANDARD = "gnu++20";
				CLANG_ENABLE_MODULES = YES;
				CLANG_ENABLE_OBJC_ARC = YES;
				CLANG_ENABLE_OBJC_WEAK = YES;
				CLANG_WARN_BLOCK_CAPTURE_AUTORELEASING = YES;
				CLANG_WARN_BOOL_CONVERSION = YES;
				CLANG_WARN_COMMA = YES;
				CLANG_WARN_CONSTANT_CONVERSION = YES;
				CLANG_WARN_DEPRECATED_OBJC_IMPLEMENTATIONS = YES;
				CLANG_WARN_DIRECT_OBJC_ISA_USAGE = YES_ERROR;
				CLANG_WARN_DOCUMENTATION_COMMENTS = YES;
				CLANG_WARN_EMPTY_BODY = YES;
				CLANG_WARN_ENUM_CONVERSION = YES;
				CLANG_WARN_INFINITE_RECURSION = YES;
				CLANG_WARN_INT_CONVERSION = YES;
				CLANG_WARN_NON_LITERAL_NULL_CONVERSION = YES;
				CLANG_WARN_OBJC_IMPLICIT_RETAIN_SELF = YES;
				CLANG_WARN_OBJC_LITERAL_CONVERSION = YES;
				CLANG_WARN_OBJC_ROOT_CLASS = YES_ERROR;
				CLANG_WARN_QUOTED_INCLUDE_IN_FRAMEWORK_HEADER = YES;
				CLANG_WARN_RANGE_LOOP_ANALYSIS = YES;
				CLANG_WARN_STRICT_PROTOTYPES = YES;
				CLANG_WARN_SUSPICIOUS_MOVE = YES;
				CLANG_WARN_UNGUARDED_AVAILABILITY = YES_AGGRESSIVE;
				CLANG_WARN_UNREACHABLE_CODE = YES;
				CLANG_WARN__DUPLICATE_METHOD_MATCH = YES;
				COPY_PHASE_STRIP = NO;
				DEBUG_INFORMATION_FORMAT = dwarf;
				ENABLE_STRICT_OBJC_MSGSEND = YES;
				ENABLE_TESTABILITY = YES;
				GCC_C_LANGUAGE_STANDARD = gnu11;
				GCC_DYNAMIC_NO_PIC = NO;
				GCC_NO_COMMON_BLOCKS = YES;
				GCC_OPTIMIZATION_LEVEL = 0;
				GCC_PREPROCESSOR_DEFINITIONS = (
					"DEBUG=1",
					"$(inherited)",
				);
				GCC_WARN_64_TO_32_BIT_CONVERSION = YES;
				GCC_WARN_ABOUT_RETURN_TYPE = YES_ERROR;
				GCC_WARN_UNDECLARED_SELECTOR = YES;
				GCC_WARN_UNINITIALIZED_AUTOS = YES_AGGRESSIVE;
				GCC_WARN_UNUSED_FUNCTION = YES;
				GCC_WARN_UNUSED_VARIABLE = YES;
				IPHONEOS_DEPLOYMENT_TARGET = 16.2;
				MTL_ENABLE_DEBUG_INFO = INCLUDE_SOURCE;
				MTL_FAST_MATH = YES;
				ONLY_ACTIVE_ARCH = YES;
				SDKROOT = iphoneos;
				SWIFT_ACTIVE_COMPILATION_CONDITIONS = DEBUG;
				SWIFT_OPTIMIZATION_LEVEL = "-Onone";
			};
			name = Debug;
		};
		9B37B72E2ADE4C4300AF4BE2 /* Release */ = {
			isa = XCBuildConfiguration;
			buildSettings = {
				ALWAYS_SEARCH_USER_PATHS = NO;
				CLANG_ANALYZER_NONNULL = YES;
				CLANG_ANALYZER_NUMBER_OBJECT_CONVERSION = YES_AGGRESSIVE;
				CLANG_CXX_LANGUAGE_STANDARD = "gnu++20";
				CLANG_ENABLE_MODULES = YES;
				CLANG_ENABLE_OBJC_ARC = YES;
				CLANG_ENABLE_OBJC_WEAK = YES;
				CLANG_WARN_BLOCK_CAPTURE_AUTORELEASING = YES;
				CLANG_WARN_BOOL_CONVERSION = YES;
				CLANG_WARN_COMMA = YES;
				CLANG_WARN_CONSTANT_CONVERSION = YES;
				CLANG_WARN_DEPRECATED_OBJC_IMPLEMENTATIONS = YES;
				CLANG_WARN_DIRECT_OBJC_ISA_USAGE = YES_ERROR;
				CLANG_WARN_DOCUMENTATION_COMMENTS = YES;
				CLANG_WARN_EMPTY_BODY = YES;
				CLANG_WARN_ENUM_CONVERSION = YES;
				CLANG_WARN_INFINITE_RECURSION = YES;
				CLANG_WARN_INT_CONVERSION = YES;
				CLANG_WARN_NON_LITERAL_NULL_CONVERSION = YES;
				CLANG_WARN_OBJC_IMPLICIT_RETAIN_SELF = YES;
				CLANG_WARN_OBJC_LITERAL_CONVERSION = YES;
				CLANG_WARN_OBJC_ROOT_CLASS = YES_ERROR;
				CLANG_WARN_QUOTED_INCLUDE_IN_FRAMEWORK_HEADER = YES;
				CLANG_WARN_RANGE_LOOP_ANALYSIS = YES;
				CLANG_WARN_STRICT_PROTOTYPES = YES;
				CLANG_WARN_SUSPICIOUS_MOVE = YES;
				CLANG_WARN_UNGUARDED_AVAILABILITY = YES_AGGRESSIVE;
				CLANG_WARN_UNREACHABLE_CODE = YES;
				CLANG_WARN__DUPLICATE_METHOD_MATCH = YES;
				COPY_PHASE_STRIP = NO;
				DEBUG_INFORMATION_FORMAT = "dwarf-with-dsym";
				ENABLE_NS_ASSERTIONS = NO;
				ENABLE_STRICT_OBJC_MSGSEND = YES;
				GCC_C_LANGUAGE_STANDARD = gnu11;
				GCC_NO_COMMON_BLOCKS = YES;
				GCC_WARN_64_TO_32_BIT_CONVERSION = YES;
				GCC_WARN_ABOUT_RETURN_TYPE = YES_ERROR;
				GCC_WARN_UNDECLARED_SELECTOR = YES;
				GCC_WARN_UNINITIALIZED_AUTOS = YES_AGGRESSIVE;
				GCC_WARN_UNUSED_FUNCTION = YES;
				GCC_WARN_UNUSED_VARIABLE = YES;
				IPHONEOS_DEPLOYMENT_TARGET = 16.2;
				MTL_ENABLE_DEBUG_INFO = NO;
				MTL_FAST_MATH = YES;
				SDKROOT = iphoneos;
				SWIFT_COMPILATION_MODE = wholemodule;
				SWIFT_OPTIMIZATION_LEVEL = "-O";
				VALIDATE_PRODUCT = YES;
			};
			name = Release;
		};
		9B37B7302ADE4C4300AF4BE2 /* Debug */ = {
			isa = XCBuildConfiguration;
			baseConfigurationReference = BDBB0632866F538743906AED /* Pods-MoyaProtobufIntegration.debug.xcconfig */;
			buildSettings = {
				ASSETCATALOG_COMPILER_APPICON_NAME = AppIcon;
				ASSETCATALOG_COMPILER_GLOBAL_ACCENT_COLOR_NAME = AccentColor;
				CODE_SIGN_STYLE = Automatic;
				CURRENT_PROJECT_VERSION = 1;
				DEVELOPMENT_ASSET_PATHS = "\"MoyaProtobufIntegration/Preview Content\"";
				ENABLE_PREVIEWS = YES;
				GENERATE_INFOPLIST_FILE = YES;
				INFOPLIST_KEY_UIApplicationSceneManifest_Generation = YES;
				INFOPLIST_KEY_UIApplicationSupportsIndirectInputEvents = YES;
				INFOPLIST_KEY_UILaunchScreen_Generation = YES;
				INFOPLIST_KEY_UISupportedInterfaceOrientations_iPad = "UIInterfaceOrientationPortrait UIInterfaceOrientationPortraitUpsideDown UIInterfaceOrientationLandscapeLeft UIInterfaceOrientationLandscapeRight";
				INFOPLIST_KEY_UISupportedInterfaceOrientations_iPhone = "UIInterfaceOrientationPortrait UIInterfaceOrientationLandscapeLeft UIInterfaceOrientationLandscapeRight";
				LD_RUNPATH_SEARCH_PATHS = (
					"$(inherited)",
					"@executable_path/Frameworks",
				);
				MARKETING_VERSION = 1.0;
				PRODUCT_BUNDLE_IDENTIFIER = com.meezu.MoyaProtobufIntegration;
				PRODUCT_NAME = "$(TARGET_NAME)";
				SWIFT_EMIT_LOC_STRINGS = YES;
				SWIFT_VERSION = 5.0;
				TARGETED_DEVICE_FAMILY = "1,2";
			};
			name = Debug;
		};
		9B37B7312ADE4C4300AF4BE2 /* Release */ = {
			isa = XCBuildConfiguration;
			baseConfigurationReference = A7E5F2783CE68012D47792DF /* Pods-MoyaProtobufIntegration.release.xcconfig */;
			buildSettings = {
				ASSETCATALOG_COMPILER_APPICON_NAME = AppIcon;
				ASSETCATALOG_COMPILER_GLOBAL_ACCENT_COLOR_NAME = AccentColor;
				CODE_SIGN_STYLE = Automatic;
				CURRENT_PROJECT_VERSION = 1;
				DEVELOPMENT_ASSET_PATHS = "\"MoyaProtobufIntegration/Preview Content\"";
				ENABLE_PREVIEWS = YES;
				GENERATE_INFOPLIST_FILE = YES;
				INFOPLIST_KEY_UIApplicationSceneManifest_Generation = YES;
				INFOPLIST_KEY_UIApplicationSupportsIndirectInputEvents = YES;
				INFOPLIST_KEY_UILaunchScreen_Generation = YES;
				INFOPLIST_KEY_UISupportedInterfaceOrientations_iPad = "UIInterfaceOrientationPortrait UIInterfaceOrientationPortraitUpsideDown UIInterfaceOrientationLandscapeLeft UIInterfaceOrientationLandscapeRight";
				INFOPLIST_KEY_UISupportedInterfaceOrientations_iPhone = "UIInterfaceOrientationPortrait UIInterfaceOrientationLandscapeLeft UIInterfaceOrientationLandscapeRight";
				LD_RUNPATH_SEARCH_PATHS = (
					"$(inherited)",
					"@executable_path/Frameworks",
				);
				MARKETING_VERSION = 1.0;
				PRODUCT_BUNDLE_IDENTIFIER = com.meezu.MoyaProtobufIntegration;
				PRODUCT_NAME = "$(TARGET_NAME)";
				SWIFT_EMIT_LOC_STRINGS = YES;
				SWIFT_VERSION = 5.0;
				TARGETED_DEVICE_FAMILY = "1,2";
			};
			name = Release;
		};
/* End XCBuildConfiguration section */

/* Begin XCConfigurationList section */
		9B37B71C2ADE4C4100AF4BE2 /* Build configuration list for PBXProject "MoyaProtobufIntegration" */ = {
			isa = XCConfigurationList;
			buildConfigurations = (
				9B37B72D2ADE4C4300AF4BE2 /* Debug */,
				9B37B72E2ADE4C4300AF4BE2 /* Release */,
			);
			defaultConfigurationIsVisible = 0;
			defaultConfigurationName = Release;
		};
		9B37B72F2ADE4C4300AF4BE2 /* Build configuration list for PBXNativeTarget "MoyaProtobufIntegration" */ = {
			isa = XCConfigurationList;
			buildConfigurations = (
				9B37B7302ADE4C4300AF4BE2 /* Debug */,
				9B37B7312ADE4C4300AF4BE2 /* Release */,
			);
			defaultConfigurationIsVisible = 0;
			defaultConfigurationName = Release;
		};
/* End XCConfigurationList section */
	};
	rootObject = 9B37B7192ADE4C4100AF4BE2 /* Project object */;
}
